
Microsoft Visual Studio Solution File, Format Version 12.00
# Visual Studio Version 17
VisualStudioVersion = 17.14.36127.28
MinimumVisualStudioVersion = 10.0.40219.1
Project("{FAE04EC0-301F-11D3-BF4B-00C04F79EFBC}") = "NinetyDay", "NinetyDay\NinetyDay.csproj", "{AAB79567-8024-47AF-92F1-865883E2EBD4}"
EndProject
Project("{FAE04EC0-301F-11D3-BF4B-00C04F79EFBC}") = "BasicOop", "BasicOop\BasicOop.csproj", "{2D43C73D-3AD9-408C-AF20-29E367DFFD4E}"
EndProject
Project("{FAE04EC0-301F-11D3-BF4B-00C04F79EFBC}") = "DayTwo", "DayTwo\DayTwo.csproj", "{9087D187-80AC-4548-B6BE-D5631C029703}"
EndProject
Global
	GlobalSection(SolutionConfigurationPlatforms) = preSolution
		Debug|Any CPU = Debug|Any CPU
		Release|Any CPU = Release|Any CPU
	EndGlobalSection
	GlobalSection(ProjectConfigurationPlatforms) = postSolution
		{AAB79567-8024-47AF-92F1-865883E2EBD4}.Debug|Any CPU.ActiveCfg = Debug|Any CPU
		{AAB79567-8024-47AF-92F1-865883E2EBD4}.Debug|Any CPU.Build.0 = Debug|Any CPU
		{AAB79567-8024-47AF-92F1-865883E2EBD4}.Release|Any CPU.ActiveCfg = Release|Any CPU
		{AAB79567-8024-47AF-92F1-865883E2EBD4}.Release|Any CPU.Build.0 = Release|Any CPU
		{2D43C73D-3AD9-408C-AF20-29E367DFFD4E}.Debug|Any CPU.ActiveCfg = Debug|Any CPU
		{2D43C73D-3AD9-408C-AF20-29E367DFFD4E}.Debug|Any CPU.Build.0 = Debug|Any CPU
		{2D43C73D-3AD9-408C-AF20-29E367DFFD4E}.Release|Any CPU.ActiveCfg = Release|Any CPU
		{2D43C73D-3AD9-408C-AF20-29E367DFFD4E}.Release|Any CPU.Build.0 = Release|Any CPU
		{9087D187-80AC-4548-B6BE-D5631C029703}.Debug|Any CPU.ActiveCfg = Debug|Any CPU
		{9087D187-80AC-4548-B6BE-D5631C029703}.Debug|Any CPU.Build.0 = Debug|Any CPU
		{9087D187-80AC-4548-B6BE-D5631C029703}.Release|Any CPU.ActiveCfg = Release|Any CPU
		{9087D187-80AC-4548-B6BE-D5631C029703}.Release|Any CPU.Build.0 = Release|Any CPU
	EndGlobalSection
	GlobalSection(SolutionProperties) = preSolution
		HideSolutionNode = FALSE
	EndGlobalSection
	GlobalSection(ExtensibilityGlobals) = postSolution
		SolutionGuid = {92F18772-F886-4AB5-92D2-92FD4059C92A}
	EndGlobalSection
EndGlobal
