
Microsoft Visual Studio Solution File, Format Version 12.00
# Visual Studio Version 17
VisualStudioVersion = 17.14.36127.28
MinimumVisualStudioVersion = 10.0.40219.1
Project("{FAE04EC0-301F-11D3-BF4B-00C04F79EFBC}") = "NinetyDay", "NinetyDay\NinetyDay.csproj", "{AAB79567-8024-47AF-92F1-865883E2EBD4}"
EndProject
Project("{FAE04EC0-301F-11D3-BF4B-00C04F79EFBC}") = "BasicOop", "BasicOop\BasicOop.csproj", "{2D43C73D-3AD9-408C-AF20-29E367DFFD4E}"
EndProject
Project("{FAE04EC0-301F-11D3-BF4B-00C04F79EFBC}") = "DayTwo", "DayTwo\DayTwo.csproj", "{9087D187-80AC-4548-B6BE-D5631C029703}"
EndProject
Project("{FAE04EC0-301F-11D3-BF4B-00C04F79EFBC}") = "OopDay2", "OopDay2\OopDay2.csproj", "{AAC1E147-26C9-4C5A-9121-CAB51C4BE71D}"
EndProject
Project("{FAE04EC0-301F-11D3-BF4B-00C04F79EFBC}") = "Day3", "Day3\Day3.csproj", "{FB8FC434-EB68-4B1C-A948-D9458DC3DEAD}"
EndProject
Project("{FAE04EC0-301F-11D3-BF4B-00C04F79EFBC}") = "AlternativeOOPDay3", "AlternativeOOPDay3\AlternativeOOPDay3.csproj", "{3A8EAD37-0B04-4785-AB78-DD3C989323E8}"
EndProject
Project("{FAE04EC0-301F-11D3-BF4B-00C04F79EFBC}") = "Day4Leetcode", "Day4Leetcode\Day4Leetcode.csproj", "{92CE68BC-6227-4BB3-8D4C-4AE264499963}"
EndProject
Global
	GlobalSection(SolutionConfigurationPlatforms) = preSolution
		Debug|Any CPU = Debug|Any CPU
		Release|Any CPU = Release|Any CPU
	EndGlobalSection
	GlobalSection(ProjectConfigurationPlatforms) = postSolution
		{AAB79567-8024-47AF-92F1-865883E2EBD4}.Debug|Any CPU.ActiveCfg = Debug|Any CPU
		{AAB79567-8024-47AF-92F1-865883E2EBD4}.Debug|Any CPU.Build.0 = Debug|Any CPU
		{AAB79567-8024-47AF-92F1-865883E2EBD4}.Release|Any CPU.ActiveCfg = Release|Any CPU
		{AAB79567-8024-47AF-92F1-865883E2EBD4}.Release|Any CPU.Build.0 = Release|Any CPU
		{2D43C73D-3AD9-408C-AF20-29E367DFFD4E}.Debug|Any CPU.ActiveCfg = Debug|Any CPU
		{2D43C73D-3AD9-408C-AF20-29E367DFFD4E}.Debug|Any CPU.Build.0 = Debug|Any CPU
		{2D43C73D-3AD9-408C-AF20-29E367DFFD4E}.Release|Any CPU.ActiveCfg = Release|Any CPU
		{2D43C73D-3AD9-408C-AF20-29E367DFFD4E}.Release|Any CPU.Build.0 = Release|Any CPU
		{9087D187-80AC-4548-B6BE-D5631C029703}.Debug|Any CPU.ActiveCfg = Debug|Any CPU
		{9087D187-80AC-4548-B6BE-D5631C029703}.Debug|Any CPU.Build.0 = Debug|Any CPU
		{9087D187-80AC-4548-B6BE-D5631C029703}.Release|Any CPU.ActiveCfg = Release|Any CPU
		{9087D187-80AC-4548-B6BE-D5631C029703}.Release|Any CPU.Build.0 = Release|Any CPU
		{AAC1E147-26C9-4C5A-9121-CAB51C4BE71D}.Debug|Any CPU.ActiveCfg = Debug|Any CPU
		{AAC1E147-26C9-4C5A-9121-CAB51C4BE71D}.Debug|Any CPU.Build.0 = Debug|Any CPU
		{AAC1E147-26C9-4C5A-9121-CAB51C4BE71D}.Release|Any CPU.ActiveCfg = Release|Any CPU
		{AAC1E147-26C9-4C5A-9121-CAB51C4BE71D}.Release|Any CPU.Build.0 = Release|Any CPU
		{FB8FC434-EB68-4B1C-A948-D9458DC3DEAD}.Debug|Any CPU.ActiveCfg = Debug|Any CPU
		{FB8FC434-EB68-4B1C-A948-D9458DC3DEAD}.Debug|Any CPU.Build.0 = Debug|Any CPU
		{FB8FC434-EB68-4B1C-A948-D9458DC3DEAD}.Release|Any CPU.ActiveCfg = Release|Any CPU
		{FB8FC434-EB68-4B1C-A948-D9458DC3DEAD}.Release|Any CPU.Build.0 = Release|Any CPU
		{3A8EAD37-0B04-4785-AB78-DD3C989323E8}.Debug|Any CPU.ActiveCfg = Debug|Any CPU
		{3A8EAD37-0B04-4785-AB78-DD3C989323E8}.Debug|Any CPU.Build.0 = Debug|Any CPU
		{3A8EAD37-0B04-4785-AB78-DD3C989323E8}.Release|Any CPU.ActiveCfg = Release|Any CPU
		{3A8EAD37-0B04-4785-AB78-DD3C989323E8}.Release|Any CPU.Build.0 = Release|Any CPU
		{92CE68BC-6227-4BB3-8D4C-4AE264499963}.Debug|Any CPU.ActiveCfg = Debug|Any CPU
		{92CE68BC-6227-4BB3-8D4C-4AE264499963}.Debug|Any CPU.Build.0 = Debug|Any CPU
		{92CE68BC-6227-4BB3-8D4C-4AE264499963}.Release|Any CPU.ActiveCfg = Release|Any CPU
		{92CE68BC-6227-4BB3-8D4C-4AE264499963}.Release|Any CPU.Build.0 = Release|Any CPU
	EndGlobalSection
	GlobalSection(SolutionProperties) = preSolution
		HideSolutionNode = FALSE
	EndGlobalSection
	GlobalSection(ExtensibilityGlobals) = postSolution
		SolutionGuid = {92F18772-F886-4AB5-92D2-92FD4059C92A}
	EndGlobalSection
EndGlobal
